
Microsoft Visual Studio Solution File, Format Version 12.00
# Visual Studio 15
VisualStudioVersion = 15.0.27428.2037
MinimumVisualStudioVersion = 10.0.40219.1
Project("{FAE04EC0-301F-11D3-BF4B-00C04F79EFBC}") = "ApplicationInsightsTelemetryExtensions", "ApplicationInsightsTelemetryExtensions\ApplicationInsightsTelemetryExtensions.csproj", "{FE93B251-DBF7-4ECB-87CD-E42D92B01D9D}"
EndProject
Global
	GlobalSection(SolutionConfigurationPlatforms) = preSolution
		Debug|Any CPU = Debug|Any CPU
		Release|Any CPU = Release|Any CPU
	EndGlobalSection
	GlobalSection(ProjectConfigurationPlatforms) = postSolution
		{FE93B251-DBF7-4ECB-87CD-E42D92B01D9D}.Debug|Any CPU.ActiveCfg = Debug|Any CPU
		{FE93B251-DBF7-4ECB-87CD-E42D92B01D9D}.Debug|Any CPU.Build.0 = Debug|Any CPU
		{FE93B251-DBF7-4ECB-87CD-E42D92B01D9D}.Release|Any CPU.ActiveCfg = Release|Any CPU
		{FE93B251-DBF7-4ECB-87CD-E42D92B01D9D}.Release|Any CPU.Build.0 = Release|Any CPU
	EndGlobalSection
	GlobalSection(SolutionProperties) = preSolution
		HideSolutionNode = FALSE
	EndGlobalSection
	GlobalSection(ExtensibilityGlobals) = postSolution
		SolutionGuid = {825520B5-20B5-4F3D-90E3-594B3DB3A071}
	EndGlobalSection
EndGlobal
